// !$*UTF8*$!
{
	archiveVersion = 1;
	classes = {
	};
	objectVersion = 55;
	objects = {

/* Begin PBXBuildFile section */
		040DF2C328F0EF5500F2BCC4 /* NewEventViewModel.swift in Sources */ = {isa = PBXBuildFile; fileRef = 040DF2C228F0EF5500F2BCC4 /* NewEventViewModel.swift */; };
		041AF24A28E37F8B00BD5136 /* HomeViewModel.swift in Sources */ = {isa = PBXBuildFile; fileRef = 041AF24928E37F8B00BD5136 /* HomeViewModel.swift */; };
		041AF24E28E383BD00BD5136 /* HomeViewModelTest.swift in Sources */ = {isa = PBXBuildFile; fileRef = 041AF24D28E383BD00BD5136 /* HomeViewModelTest.swift */; };
		041AF25128E3878100BD5136 /* NewEventViewController.swift in Sources */ = {isa = PBXBuildFile; fileRef = 041AF25028E3878100BD5136 /* NewEventViewController.swift */; };
		044555C628EE5081001B1299 /* CountDownClock.swift in Sources */ = {isa = PBXBuildFile; fileRef = 044555C528EE5081001B1299 /* CountDownClock.swift */; };
		04513ED128F237E0006BC0C7 /* NewEventViewModelTest.swift in Sources */ = {isa = PBXBuildFile; fileRef = 04513ED028F237E0006BC0C7 /* NewEventViewModelTest.swift */; };
		0468AEB928F2479900771A76 /* BackingView.swift in Sources */ = {isa = PBXBuildFile; fileRef = 0468AEB828F2479900771A76 /* BackingView.swift */; };
		0468AEBB28F24C4000771A76 /* CountDownViewController.swift in Sources */ = {isa = PBXBuildFile; fileRef = 0468AEBA28F24C4000771A76 /* CountDownViewController.swift */; };
		0468AEBD28F24CA900771A76 /* CountDownViewModel.swift in Sources */ = {isa = PBXBuildFile; fileRef = 0468AEBC28F24CA900771A76 /* CountDownViewModel.swift */; };
		04EC529228E263C200EB82A0 /* FutureEvent.swift in Sources */ = {isa = PBXBuildFile; fileRef = 04EC529128E263C200EB82A0 /* FutureEvent.swift */; };
		04EC529528E264E400EB82A0 /* FutureEventRealm.swift in Sources */ = {isa = PBXBuildFile; fileRef = 04EC529428E264E400EB82A0 /* FutureEventRealm.swift */; };
		04EC529828E2655400EB82A0 /* FutureEventDataModelProtocol.swift in Sources */ = {isa = PBXBuildFile; fileRef = 04EC529728E2655400EB82A0 /* FutureEventDataModelProtocol.swift */; };
		04EC529A28E266A100EB82A0 /* FutureEventRepository.swift in Sources */ = {isa = PBXBuildFile; fileRef = 04EC529928E266A100EB82A0 /* FutureEventRepository.swift */; };
		04EC52A928E26EB000EB82A0 /* FutureEventRepositoryTest.swift in Sources */ = {isa = PBXBuildFile; fileRef = 04EC52A828E26EB000EB82A0 /* FutureEventRepositoryTest.swift */; };
		04F4D3D228E1097800B84E8D /* AppDelegate.swift in Sources */ = {isa = PBXBuildFile; fileRef = 04F4D3D128E1097800B84E8D /* AppDelegate.swift */; };
		04F4D3D428E1097800B84E8D /* SceneDelegate.swift in Sources */ = {isa = PBXBuildFile; fileRef = 04F4D3D328E1097800B84E8D /* SceneDelegate.swift */; };
		04F4D3D628E1097800B84E8D /* HomeViewController.swift in Sources */ = {isa = PBXBuildFile; fileRef = 04F4D3D528E1097800B84E8D /* HomeViewController.swift */; };
		04F4D3D928E1097800B84E8D /* Main.storyboard in Resources */ = {isa = PBXBuildFile; fileRef = 04F4D3D728E1097800B84E8D /* Main.storyboard */; };
		04F4D3DB28E1097900B84E8D /* Assets.xcassets in Resources */ = {isa = PBXBuildFile; fileRef = 04F4D3DA28E1097900B84E8D /* Assets.xcassets */; };
		04F4D3DE28E1097900B84E8D /* LaunchScreen.storyboard in Resources */ = {isa = PBXBuildFile; fileRef = 04F4D3DC28E1097900B84E8D /* LaunchScreen.storyboard */; };
		67935CECBEDF20388399AF32 /* Pods_CountDownTimer.framework in Frameworks */ = {isa = PBXBuildFile; fileRef = E4C1383FAE4C98531BE37FE4 /* Pods_CountDownTimer.framework */; };
/* End PBXBuildFile section */

/* Begin PBXContainerItemProxy section */
		04EC52A328E26DF600EB82A0 /* PBXContainerItemProxy */ = {
			isa = PBXContainerItemProxy;
			containerPortal = 04F4D3C628E1097800B84E8D /* Project object */;
			proxyType = 1;
			remoteGlobalIDString = 04F4D3CD28E1097800B84E8D;
			remoteInfo = CountDownTimer;
		};
/* End PBXContainerItemProxy section */

/* Begin PBXFileReference section */
		040DF2C228F0EF5500F2BCC4 /* NewEventViewModel.swift */ = {isa = PBXFileReference; lastKnownFileType = sourcecode.swift; path = NewEventViewModel.swift; sourceTree = "<group>"; };
		041AF24928E37F8B00BD5136 /* HomeViewModel.swift */ = {isa = PBXFileReference; lastKnownFileType = sourcecode.swift; path = HomeViewModel.swift; sourceTree = "<group>"; };
		041AF24D28E383BD00BD5136 /* HomeViewModelTest.swift */ = {isa = PBXFileReference; lastKnownFileType = sourcecode.swift; path = HomeViewModelTest.swift; sourceTree = "<group>"; };
		041AF25028E3878100BD5136 /* NewEventViewController.swift */ = {isa = PBXFileReference; lastKnownFileType = sourcecode.swift; path = NewEventViewController.swift; sourceTree = "<group>"; };
		044555C528EE5081001B1299 /* CountDownClock.swift */ = {isa = PBXFileReference; lastKnownFileType = sourcecode.swift; path = CountDownClock.swift; sourceTree = "<group>"; };
		04513ED028F237E0006BC0C7 /* NewEventViewModelTest.swift */ = {isa = PBXFileReference; lastKnownFileType = sourcecode.swift; path = NewEventViewModelTest.swift; sourceTree = "<group>"; };
		0468AEB828F2479900771A76 /* BackingView.swift */ = {isa = PBXFileReference; lastKnownFileType = sourcecode.swift; path = BackingView.swift; sourceTree = "<group>"; };
		0468AEBA28F24C4000771A76 /* CountDownViewController.swift */ = {isa = PBXFileReference; lastKnownFileType = sourcecode.swift; path = CountDownViewController.swift; sourceTree = "<group>"; };
		0468AEBC28F24CA900771A76 /* CountDownViewModel.swift */ = {isa = PBXFileReference; lastKnownFileType = sourcecode.swift; path = CountDownViewModel.swift; sourceTree = "<group>"; };
		04EC529128E263C200EB82A0 /* FutureEvent.swift */ = {isa = PBXFileReference; lastKnownFileType = sourcecode.swift; path = FutureEvent.swift; sourceTree = "<group>"; };
		04EC529428E264E400EB82A0 /* FutureEventRealm.swift */ = {isa = PBXFileReference; lastKnownFileType = sourcecode.swift; path = FutureEventRealm.swift; sourceTree = "<group>"; };
		04EC529728E2655400EB82A0 /* FutureEventDataModelProtocol.swift */ = {isa = PBXFileReference; lastKnownFileType = sourcecode.swift; path = FutureEventDataModelProtocol.swift; sourceTree = "<group>"; };
		04EC529928E266A100EB82A0 /* FutureEventRepository.swift */ = {isa = PBXFileReference; lastKnownFileType = sourcecode.swift; path = FutureEventRepository.swift; sourceTree = "<group>"; };
		04EC529F28E26DF600EB82A0 /* CountDownTimerTests.xctest */ = {isa = PBXFileReference; explicitFileType = wrapper.cfbundle; includeInIndex = 0; path = CountDownTimerTests.xctest; sourceTree = BUILT_PRODUCTS_DIR; };
		04EC52A828E26EB000EB82A0 /* FutureEventRepositoryTest.swift */ = {isa = PBXFileReference; lastKnownFileType = sourcecode.swift; path = FutureEventRepositoryTest.swift; sourceTree = "<group>"; };
		04F4D3CE28E1097800B84E8D /* CountDownTimer.app */ = {isa = PBXFileReference; explicitFileType = wrapper.application; includeInIndex = 0; path = CountDownTimer.app; sourceTree = BUILT_PRODUCTS_DIR; };
		04F4D3D128E1097800B84E8D /* AppDelegate.swift */ = {isa = PBXFileReference; lastKnownFileType = sourcecode.swift; path = AppDelegate.swift; sourceTree = "<group>"; };
		04F4D3D328E1097800B84E8D /* SceneDelegate.swift */ = {isa = PBXFileReference; lastKnownFileType = sourcecode.swift; path = SceneDelegate.swift; sourceTree = "<group>"; };
		04F4D3D528E1097800B84E8D /* HomeViewController.swift */ = {isa = PBXFileReference; lastKnownFileType = sourcecode.swift; path = HomeViewController.swift; sourceTree = "<group>"; };
		04F4D3D828E1097800B84E8D /* Base */ = {isa = PBXFileReference; lastKnownFileType = file.storyboard; name = Base; path = Base.lproj/Main.storyboard; sourceTree = "<group>"; };
		04F4D3DA28E1097900B84E8D /* Assets.xcassets */ = {isa = PBXFileReference; lastKnownFileType = folder.assetcatalog; path = Assets.xcassets; sourceTree = "<group>"; };
		04F4D3DD28E1097900B84E8D /* Base */ = {isa = PBXFileReference; lastKnownFileType = file.storyboard; name = Base; path = Base.lproj/LaunchScreen.storyboard; sourceTree = "<group>"; };
		04F4D3DF28E1097900B84E8D /* Info.plist */ = {isa = PBXFileReference; lastKnownFileType = text.plist.xml; path = Info.plist; sourceTree = "<group>"; };
		5900DFD1B04F4B25D686CE3A /* Pods-CountDownTimer.debug.xcconfig */ = {isa = PBXFileReference; includeInIndex = 1; lastKnownFileType = text.xcconfig; name = "Pods-CountDownTimer.debug.xcconfig"; path = "Target Support Files/Pods-CountDownTimer/Pods-CountDownTimer.debug.xcconfig"; sourceTree = "<group>"; };
		CAA167B591C7FB2B2A5372A2 /* Pods-CountDownTimer.release.xcconfig */ = {isa = PBXFileReference; includeInIndex = 1; lastKnownFileType = text.xcconfig; name = "Pods-CountDownTimer.release.xcconfig"; path = "Target Support Files/Pods-CountDownTimer/Pods-CountDownTimer.release.xcconfig"; sourceTree = "<group>"; };
		E4C1383FAE4C98531BE37FE4 /* Pods_CountDownTimer.framework */ = {isa = PBXFileReference; explicitFileType = wrapper.framework; includeInIndex = 0; path = Pods_CountDownTimer.framework; sourceTree = BUILT_PRODUCTS_DIR; };
/* End PBXFileReference section */

/* Begin PBXFrameworksBuildPhase section */
		04EC529C28E26DF600EB82A0 /* Frameworks */ = {
			isa = PBXFrameworksBuildPhase;
			buildActionMask = 2147483647;
			files = (
			);
			runOnlyForDeploymentPostprocessing = 0;
		};
		04F4D3CB28E1097800B84E8D /* Frameworks */ = {
			isa = PBXFrameworksBuildPhase;
			buildActionMask = 2147483647;
			files = (
				67935CECBEDF20388399AF32 /* Pods_CountDownTimer.framework in Frameworks */,
			);
			runOnlyForDeploymentPostprocessing = 0;
		};
/* End PBXFrameworksBuildPhase section */

/* Begin PBXGroup section */
		041AF24828E37F6900BD5136 /* ViewModel */ = {
			isa = PBXGroup;
			children = (
				041AF24928E37F8B00BD5136 /* HomeViewModel.swift */,
				044555C528EE5081001B1299 /* CountDownClock.swift */,
				040DF2C228F0EF5500F2BCC4 /* NewEventViewModel.swift */,
				0468AEBC28F24CA900771A76 /* CountDownViewModel.swift */,
			);
			path = ViewModel;
			sourceTree = "<group>";
		};
		041AF24B28E3838100BD5136 /* Model */ = {
			isa = PBXGroup;
			children = (
				04EC52A828E26EB000EB82A0 /* FutureEventRepositoryTest.swift */,
			);
			path = Model;
			sourceTree = "<group>";
		};
		041AF24C28E3839D00BD5136 /* ViewModel */ = {
			isa = PBXGroup;
			children = (
				041AF24D28E383BD00BD5136 /* HomeViewModelTest.swift */,
				04513ED028F237E0006BC0C7 /* NewEventViewModelTest.swift */,
			);
			path = ViewModel;
			sourceTree = "<group>";
		};
		041AF24F28E3875A00BD5136 /* View */ = {
			isa = PBXGroup;
			children = (
				04F4D3D528E1097800B84E8D /* HomeViewController.swift */,
				041AF25028E3878100BD5136 /* NewEventViewController.swift */,
				0468AEB828F2479900771A76 /* BackingView.swift */,
				0468AEBA28F24C4000771A76 /* CountDownViewController.swift */,
			);
			path = View;
			sourceTree = "<group>";
		};
		04EC528F28E2639300EB82A0 /* App */ = {
			isa = PBXGroup;
			children = (
				04F4D3D128E1097800B84E8D /* AppDelegate.swift */,
				04F4D3D328E1097800B84E8D /* SceneDelegate.swift */,
			);
			path = App;
			sourceTree = "<group>";
		};
		04EC529028E2639F00EB82A0 /* Model */ = {
			isa = PBXGroup;
			children = (
				04EC529628E2652C00EB82A0 /* Repository */,
				04EC529328E264A400EB82A0 /* Realm */,
				04EC529128E263C200EB82A0 /* FutureEvent.swift */,
			);
			path = Model;
			sourceTree = "<group>";
		};
		04EC529328E264A400EB82A0 /* Realm */ = {
			isa = PBXGroup;
			children = (
				04EC529428E264E400EB82A0 /* FutureEventRealm.swift */,
			);
			path = Realm;
			sourceTree = "<group>";
		};
		04EC529628E2652C00EB82A0 /* Repository */ = {
			isa = PBXGroup;
			children = (
				04EC529728E2655400EB82A0 /* FutureEventDataModelProtocol.swift */,
				04EC529928E266A100EB82A0 /* FutureEventRepository.swift */,
			);
			path = Repository;
			sourceTree = "<group>";
		};
		04EC52A028E26DF600EB82A0 /* CountDownTimerTests */ = {
			isa = PBXGroup;
			children = (
				041AF24C28E3839D00BD5136 /* ViewModel */,
				041AF24B28E3838100BD5136 /* Model */,
			);
			path = CountDownTimerTests;
			sourceTree = "<group>";
		};
		04F4D3C528E1097800B84E8D = {
			isa = PBXGroup;
			children = (
				04F4D3D028E1097800B84E8D /* CountDownTimer */,
				04EC52A028E26DF600EB82A0 /* CountDownTimerTests */,
				04F4D3CF28E1097800B84E8D /* Products */,
				F274263AB2926E6F659C5D6B /* Pods */,
				52A87F76EC651F08CADA45F1 /* Frameworks */,
			);
			sourceTree = "<group>";
		};
		04F4D3CF28E1097800B84E8D /* Products */ = {
			isa = PBXGroup;
			children = (
				04F4D3CE28E1097800B84E8D /* CountDownTimer.app */,
				04EC529F28E26DF600EB82A0 /* CountDownTimerTests.xctest */,
			);
			name = Products;
			sourceTree = "<group>";
		};
		04F4D3D028E1097800B84E8D /* CountDownTimer */ = {
			isa = PBXGroup;
			children = (
				041AF24F28E3875A00BD5136 /* View */,
				041AF24828E37F6900BD5136 /* ViewModel */,
				04EC529028E2639F00EB82A0 /* Model */,
				04EC528F28E2639300EB82A0 /* App */,
				04F4D3D728E1097800B84E8D /* Main.storyboard */,
				04F4D3DA28E1097900B84E8D /* Assets.xcassets */,
				04F4D3DC28E1097900B84E8D /* LaunchScreen.storyboard */,
				04F4D3DF28E1097900B84E8D /* Info.plist */,
			);
			path = CountDownTimer;
			sourceTree = "<group>";
		};
		52A87F76EC651F08CADA45F1 /* Frameworks */ = {
			isa = PBXGroup;
			children = (
				E4C1383FAE4C98531BE37FE4 /* Pods_CountDownTimer.framework */,
			);
			name = Frameworks;
			sourceTree = "<group>";
		};
		F274263AB2926E6F659C5D6B /* Pods */ = {
			isa = PBXGroup;
			children = (
				5900DFD1B04F4B25D686CE3A /* Pods-CountDownTimer.debug.xcconfig */,
				CAA167B591C7FB2B2A5372A2 /* Pods-CountDownTimer.release.xcconfig */,
			);
			path = Pods;
			sourceTree = "<group>";
		};
/* End PBXGroup section */

/* Begin PBXNativeTarget section */
		04EC529E28E26DF600EB82A0 /* CountDownTimerTests */ = {
			isa = PBXNativeTarget;
			buildConfigurationList = 04EC52A728E26DF600EB82A0 /* Build configuration list for PBXNativeTarget "CountDownTimerTests" */;
			buildPhases = (
				04EC529B28E26DF600EB82A0 /* Sources */,
				04EC529C28E26DF600EB82A0 /* Frameworks */,
				04EC529D28E26DF600EB82A0 /* Resources */,
			);
			buildRules = (
			);
			dependencies = (
				04EC52A428E26DF600EB82A0 /* PBXTargetDependency */,
			);
			name = CountDownTimerTests;
			productName = CountDownTimerTests;
			productReference = 04EC529F28E26DF600EB82A0 /* CountDownTimerTests.xctest */;
			productType = "com.apple.product-type.bundle.unit-test";
		};
		04F4D3CD28E1097800B84E8D /* CountDownTimer */ = {
			isa = PBXNativeTarget;
			buildConfigurationList = 04F4D3E228E1097900B84E8D /* Build configuration list for PBXNativeTarget "CountDownTimer" */;
			buildPhases = (
				F6D7D26D70C393945D6ADE64 /* [CP] Check Pods Manifest.lock */,
				04F4D3CA28E1097800B84E8D /* Sources */,
				04F4D3CB28E1097800B84E8D /* Frameworks */,
				04F4D3CC28E1097800B84E8D /* Resources */,
				238FAA6FD273CA5001507B89 /* [CP] Embed Pods Frameworks */,
			);
			buildRules = (
			);
			dependencies = (
			);
			name = CountDownTimer;
			productName = CountDownTimer;
			productReference = 04F4D3CE28E1097800B84E8D /* CountDownTimer.app */;
			productType = "com.apple.product-type.application";
		};
/* End PBXNativeTarget section */

/* Begin PBXProject section */
		04F4D3C628E1097800B84E8D /* Project object */ = {
			isa = PBXProject;
			attributes = {
				BuildIndependentTargetsInParallel = 1;
				LastSwiftUpdateCheck = 1320;
				LastUpgradeCheck = 1320;
				TargetAttributes = {
					04EC529E28E26DF600EB82A0 = {
						CreatedOnToolsVersion = 13.2.1;
						TestTargetID = 04F4D3CD28E1097800B84E8D;
					};
					04F4D3CD28E1097800B84E8D = {
						CreatedOnToolsVersion = 13.2.1;
					};
				};
			};
			buildConfigurationList = 04F4D3C928E1097800B84E8D /* Build configuration list for PBXProject "CountDownTimer" */;
			compatibilityVersion = "Xcode 13.0";
			developmentRegion = en;
			hasScannedForEncodings = 0;
			knownRegions = (
				en,
				Base,
			);
			mainGroup = 04F4D3C528E1097800B84E8D;
			productRefGroup = 04F4D3CF28E1097800B84E8D /* Products */;
			projectDirPath = "";
			projectRoot = "";
			targets = (
				04F4D3CD28E1097800B84E8D /* CountDownTimer */,
				04EC529E28E26DF600EB82A0 /* CountDownTimerTests */,
			);
		};
/* End PBXProject section */

/* Begin PBXResourcesBuildPhase section */
		04EC529D28E26DF600EB82A0 /* Resources */ = {
			isa = PBXResourcesBuildPhase;
			buildActionMask = 2147483647;
			files = (
			);
			runOnlyForDeploymentPostprocessing = 0;
		};
		04F4D3CC28E1097800B84E8D /* Resources */ = {
			isa = PBXResourcesBuildPhase;
			buildActionMask = 2147483647;
			files = (
				04F4D3DE28E1097900B84E8D /* LaunchScreen.storyboard in Resources */,
				04F4D3DB28E1097900B84E8D /* Assets.xcassets in Resources */,
				04F4D3D928E1097800B84E8D /* Main.storyboard in Resources */,
			);
			runOnlyForDeploymentPostprocessing = 0;
		};
/* End PBXResourcesBuildPhase section */

/* Begin PBXShellScriptBuildPhase section */
		238FAA6FD273CA5001507B89 /* [CP] Embed Pods Frameworks */ = {
			isa = PBXShellScriptBuildPhase;
			buildActionMask = 2147483647;
			files = (
			);
			inputFileListPaths = (
				"${PODS_ROOT}/Target Support Files/Pods-CountDownTimer/Pods-CountDownTimer-frameworks-${CONFIGURATION}-input-files.xcfilelist",
			);
			name = "[CP] Embed Pods Frameworks";
			outputFileListPaths = (
				"${PODS_ROOT}/Target Support Files/Pods-CountDownTimer/Pods-CountDownTimer-frameworks-${CONFIGURATION}-output-files.xcfilelist",
			);
			runOnlyForDeploymentPostprocessing = 0;
			shellPath = /bin/sh;
			shellScript = "\"${PODS_ROOT}/Target Support Files/Pods-CountDownTimer/Pods-CountDownTimer-frameworks.sh\"\n";
			showEnvVarsInLog = 0;
		};
		F6D7D26D70C393945D6ADE64 /* [CP] Check Pods Manifest.lock */ = {
			isa = PBXShellScriptBuildPhase;
			buildActionMask = 2147483647;
			files = (
			);
			inputFileListPaths = (
			);
			inputPaths = (
				"${PODS_PODFILE_DIR_PATH}/Podfile.lock",
				"${PODS_ROOT}/Manifest.lock",
			);
			name = "[CP] Check Pods Manifest.lock";
			outputFileListPaths = (
			);
			outputPaths = (
				"$(DERIVED_FILE_DIR)/Pods-CountDownTimer-checkManifestLockResult.txt",
			);
			runOnlyForDeploymentPostprocessing = 0;
			shellPath = /bin/sh;
			shellScript = "diff \"${PODS_PODFILE_DIR_PATH}/Podfile.lock\" \"${PODS_ROOT}/Manifest.lock\" > /dev/null\nif [ $? != 0 ] ; then\n    # print error to STDERR\n    echo \"error: The sandbox is not in sync with the Podfile.lock. Run 'pod install' or update your CocoaPods installation.\" >&2\n    exit 1\nfi\n# This output is used by Xcode 'outputs' to avoid re-running this script phase.\necho \"SUCCESS\" > \"${SCRIPT_OUTPUT_FILE_0}\"\n";
			showEnvVarsInLog = 0;
		};
/* End PBXShellScriptBuildPhase section */

/* Begin PBXSourcesBuildPhase section */
		04EC529B28E26DF600EB82A0 /* Sources */ = {
			isa = PBXSourcesBuildPhase;
			buildActionMask = 2147483647;
			files = (
				04EC52A928E26EB000EB82A0 /* FutureEventRepositoryTest.swift in Sources */,
				041AF24E28E383BD00BD5136 /* HomeViewModelTest.swift in Sources */,
				04513ED128F237E0006BC0C7 /* NewEventViewModelTest.swift in Sources */,
			);
			runOnlyForDeploymentPostprocessing = 0;
		};
		04F4D3CA28E1097800B84E8D /* Sources */ = {
			isa = PBXSourcesBuildPhase;
			buildActionMask = 2147483647;
			files = (
				044555C628EE5081001B1299 /* CountDownClock.swift in Sources */,
				04F4D3D628E1097800B84E8D /* HomeViewController.swift in Sources */,
				04EC529528E264E400EB82A0 /* FutureEventRealm.swift in Sources */,
				04EC529228E263C200EB82A0 /* FutureEvent.swift in Sources */,
				0468AEBB28F24C4000771A76 /* CountDownViewController.swift in Sources */,
				040DF2C328F0EF5500F2BCC4 /* NewEventViewModel.swift in Sources */,
				041AF24A28E37F8B00BD5136 /* HomeViewModel.swift in Sources */,
				041AF25128E3878100BD5136 /* NewEventViewController.swift in Sources */,
				0468AEBD28F24CA900771A76 /* CountDownViewModel.swift in Sources */,
				04EC529A28E266A100EB82A0 /* FutureEventRepository.swift in Sources */,
				04EC529828E2655400EB82A0 /* FutureEventDataModelProtocol.swift in Sources */,
				04F4D3D228E1097800B84E8D /* AppDelegate.swift in Sources */,
				0468AEB928F2479900771A76 /* BackingView.swift in Sources */,
				04F4D3D428E1097800B84E8D /* SceneDelegate.swift in Sources */,
			);
			runOnlyForDeploymentPostprocessing = 0;
		};
/* End PBXSourcesBuildPhase section */

/* Begin PBXTargetDependency section */
		04EC52A428E26DF600EB82A0 /* PBXTargetDependency */ = {
			isa = PBXTargetDependency;
			target = 04F4D3CD28E1097800B84E8D /* CountDownTimer */;
			targetProxy = 04EC52A328E26DF600EB82A0 /* PBXContainerItemProxy */;
		};
/* End PBXTargetDependency section */

/* Begin PBXVariantGroup section */
		04F4D3D728E1097800B84E8D /* Main.storyboard */ = {
			isa = PBXVariantGroup;
			children = (
				04F4D3D828E1097800B84E8D /* Base */,
			);
			name = Main.storyboard;
			sourceTree = "<group>";
		};
		04F4D3DC28E1097900B84E8D /* LaunchScreen.storyboard */ = {
			isa = PBXVariantGroup;
			children = (
				04F4D3DD28E1097900B84E8D /* Base */,
			);
			name = LaunchScreen.storyboard;
			sourceTree = "<group>";
		};
/* End PBXVariantGroup section */

/* Begin XCBuildConfiguration section */
		04EC52A528E26DF600EB82A0 /* Debug */ = {
			isa = XCBuildConfiguration;
			buildSettings = {
				BUNDLE_LOADER = "$(TEST_HOST)";
				CODE_SIGN_STYLE = Automatic;
				CURRENT_PROJECT_VERSION = 1;
				DEVELOPMENT_TEAM = LB5YMG5W6W;
				ENABLE_BITCODE = YES;
				GENERATE_INFOPLIST_FILE = YES;
				MARKETING_VERSION = 1.0;
				PRODUCT_BUNDLE_IDENTIFIER = com.woxi.app.CountDownTimerTests;
				PRODUCT_NAME = "$(TARGET_NAME)";
				SWIFT_EMIT_LOC_STRINGS = NO;
				SWIFT_VERSION = 5.0;
				TARGETED_DEVICE_FAMILY = "1,2";
				TEST_HOST = "$(BUILT_PRODUCTS_DIR)/CountDownTimer.app/CountDownTimer";
			};
			name = Debug;
		};
		04EC52A628E26DF600EB82A0 /* Release */ = {
			isa = XCBuildConfiguration;
			buildSettings = {
				BUNDLE_LOADER = "$(TEST_HOST)";
				CODE_SIGN_STYLE = Automatic;
				CURRENT_PROJECT_VERSION = 1;
				DEVELOPMENT_TEAM = LB5YMG5W6W;
				ENABLE_BITCODE = YES;
				GENERATE_INFOPLIST_FILE = YES;
				MARKETING_VERSION = 1.0;
				PRODUCT_BUNDLE_IDENTIFIER = com.woxi.app.CountDownTimerTests;
				PRODUCT_NAME = "$(TARGET_NAME)";
				SWIFT_EMIT_LOC_STRINGS = NO;
				SWIFT_VERSION = 5.0;
				TARGETED_DEVICE_FAMILY = "1,2";
				TEST_HOST = "$(BUILT_PRODUCTS_DIR)/CountDownTimer.app/CountDownTimer";
			};
			name = Release;
		};
		04F4D3E028E1097900B84E8D /* Debug */ = {
			isa = XCBuildConfiguration;
			buildSettings = {
				ALWAYS_SEARCH_USER_PATHS = NO;
				CLANG_ANALYZER_NONNULL = YES;
				CLANG_ANALYZER_NUMBER_OBJECT_CONVERSION = YES_AGGRESSIVE;
				CLANG_CXX_LANGUAGE_STANDARD = "gnu++17";
				CLANG_CXX_LIBRARY = "libc++";
				CLANG_ENABLE_MODULES = YES;
				CLANG_ENABLE_OBJC_ARC = YES;
				CLANG_ENABLE_OBJC_WEAK = YES;
				CLANG_WARN_BLOCK_CAPTURE_AUTORELEASING = YES;
				CLANG_WARN_BOOL_CONVERSION = YES;
				CLANG_WARN_COMMA = YES;
				CLANG_WARN_CONSTANT_CONVERSION = YES;
				CLANG_WARN_DEPRECATED_OBJC_IMPLEMENTATIONS = YES;
				CLANG_WARN_DIRECT_OBJC_ISA_USAGE = YES_ERROR;
				CLANG_WARN_DOCUMENTATION_COMMENTS = YES;
				CLANG_WARN_EMPTY_BODY = YES;
				CLANG_WARN_ENUM_CONVERSION = YES;
				CLANG_WARN_INFINITE_RECURSION = YES;
				CLANG_WARN_INT_CONVERSION = YES;
				CLANG_WARN_NON_LITERAL_NULL_CONVERSION = YES;
				CLANG_WARN_OBJC_IMPLICIT_RETAIN_SELF = YES;
				CLANG_WARN_OBJC_LITERAL_CONVERSION = YES;
				CLANG_WARN_OBJC_ROOT_CLASS = YES_ERROR;
				CLANG_WARN_QUOTED_INCLUDE_IN_FRAMEWORK_HEADER = YES;
				CLANG_WARN_RANGE_LOOP_ANALYSIS = YES;
				CLANG_WARN_STRICT_PROTOTYPES = YES;
				CLANG_WARN_SUSPICIOUS_MOVE = YES;
				CLANG_WARN_UNGUARDED_AVAILABILITY = YES_AGGRESSIVE;
				CLANG_WARN_UNREACHABLE_CODE = YES;
				CLANG_WARN__DUPLICATE_METHOD_MATCH = YES;
				COPY_PHASE_STRIP = NO;
				DEBUG_INFORMATION_FORMAT = dwarf;
				ENABLE_STRICT_OBJC_MSGSEND = YES;
				ENABLE_TESTABILITY = YES;
				GCC_C_LANGUAGE_STANDARD = gnu11;
				GCC_DYNAMIC_NO_PIC = NO;
				GCC_NO_COMMON_BLOCKS = YES;
				GCC_OPTIMIZATION_LEVEL = 0;
				GCC_PREPROCESSOR_DEFINITIONS = (
					"DEBUG=1",
					"$(inherited)",
				);
				GCC_WARN_64_TO_32_BIT_CONVERSION = YES;
				GCC_WARN_ABOUT_RETURN_TYPE = YES_ERROR;
				GCC_WARN_UNDECLARED_SELECTOR = YES;
				GCC_WARN_UNINITIALIZED_AUTOS = YES_AGGRESSIVE;
				GCC_WARN_UNUSED_FUNCTION = YES;
				GCC_WARN_UNUSED_VARIABLE = YES;
				IPHONEOS_DEPLOYMENT_TARGET = 15.2;
				MTL_ENABLE_DEBUG_INFO = INCLUDE_SOURCE;
				MTL_FAST_MATH = YES;
				ONLY_ACTIVE_ARCH = YES;
				SDKROOT = iphoneos;
				SWIFT_ACTIVE_COMPILATION_CONDITIONS = DEBUG;
				SWIFT_OPTIMIZATION_LEVEL = "-Onone";
			};
			name = Debug;
		};
		04F4D3E128E1097900B84E8D /* Release */ = {
			isa = XCBuildConfiguration;
			buildSettings = {
				ALWAYS_SEARCH_USER_PATHS = NO;
				CLANG_ANALYZER_NONNULL = YES;
				CLANG_ANALYZER_NUMBER_OBJECT_CONVERSION = YES_AGGRESSIVE;
				CLANG_CXX_LANGUAGE_STANDARD = "gnu++17";
				CLANG_CXX_LIBRARY = "libc++";
				CLANG_ENABLE_MODULES = YES;
				CLANG_ENABLE_OBJC_ARC = YES;
				CLANG_ENABLE_OBJC_WEAK = YES;
				CLANG_WARN_BLOCK_CAPTURE_AUTORELEASING = YES;
				CLANG_WARN_BOOL_CONVERSION = YES;
				CLANG_WARN_COMMA = YES;
				CLANG_WARN_CONSTANT_CONVERSION = YES;
				CLANG_WARN_DEPRECATED_OBJC_IMPLEMENTATIONS = YES;
				CLANG_WARN_DIRECT_OBJC_ISA_USAGE = YES_ERROR;
				CLANG_WARN_DOCUMENTATION_COMMENTS = YES;
				CLANG_WARN_EMPTY_BODY = YES;
				CLANG_WARN_ENUM_CONVERSION = YES;
				CLANG_WARN_INFINITE_RECURSION = YES;
				CLANG_WARN_INT_CONVERSION = YES;
				CLANG_WARN_NON_LITERAL_NULL_CONVERSION = YES;
				CLANG_WARN_OBJC_IMPLICIT_RETAIN_SELF = YES;
				CLANG_WARN_OBJC_LITERAL_CONVERSION = YES;
				CLANG_WARN_OBJC_ROOT_CLASS = YES_ERROR;
				CLANG_WARN_QUOTED_INCLUDE_IN_FRAMEWORK_HEADER = YES;
				CLANG_WARN_RANGE_LOOP_ANALYSIS = YES;
				CLANG_WARN_STRICT_PROTOTYPES = YES;
				CLANG_WARN_SUSPICIOUS_MOVE = YES;
				CLANG_WARN_UNGUARDED_AVAILABILITY = YES_AGGRESSIVE;
				CLANG_WARN_UNREACHABLE_CODE = YES;
				CLANG_WARN__DUPLICATE_METHOD_MATCH = YES;
				COPY_PHASE_STRIP = NO;
				DEBUG_INFORMATION_FORMAT = "dwarf-with-dsym";
				ENABLE_NS_ASSERTIONS = NO;
				ENABLE_STRICT_OBJC_MSGSEND = YES;
				GCC_C_LANGUAGE_STANDARD = gnu11;
				GCC_NO_COMMON_BLOCKS = YES;
				GCC_WARN_64_TO_32_BIT_CONVERSION = YES;
				GCC_WARN_ABOUT_RETURN_TYPE = YES_ERROR;
				GCC_WARN_UNDECLARED_SELECTOR = YES;
				GCC_WARN_UNINITIALIZED_AUTOS = YES_AGGRESSIVE;
				GCC_WARN_UNUSED_FUNCTION = YES;
				GCC_WARN_UNUSED_VARIABLE = YES;
				IPHONEOS_DEPLOYMENT_TARGET = 15.2;
				MTL_ENABLE_DEBUG_INFO = NO;
				MTL_FAST_MATH = YES;
				SDKROOT = iphoneos;
				SWIFT_COMPILATION_MODE = wholemodule;
				SWIFT_OPTIMIZATION_LEVEL = "-O";
				VALIDATE_PRODUCT = YES;
			};
			name = Release;
		};
		04F4D3E328E1097900B84E8D /* Debug */ = {
			isa = XCBuildConfiguration;
			baseConfigurationReference = 5900DFD1B04F4B25D686CE3A /* Pods-CountDownTimer.debug.xcconfig */;
			buildSettings = {
				ASSETCATALOG_COMPILER_APPICON_NAME = AppIcon;
				ASSETCATALOG_COMPILER_GLOBAL_ACCENT_COLOR_NAME = AccentColor;
				CODE_SIGN_STYLE = Automatic;
				CURRENT_PROJECT_VERSION = 1;
				DEVELOPMENT_TEAM = LB5YMG5W6W;
				ENABLE_BITCODE = YES;
				"EXCLUDED_ARCHS[sdk=*]" = "";
				GENERATE_INFOPLIST_FILE = YES;
				INFOPLIST_FILE = CountDownTimer/Info.plist;
				INFOPLIST_KEY_CFBundleDisplayName = Futodoro;
				INFOPLIST_KEY_UIApplicationSupportsIndirectInputEvents = YES;
				INFOPLIST_KEY_UILaunchStoryboardName = LaunchScreen;
				INFOPLIST_KEY_UIMainStoryboardFile = Main;
				INFOPLIST_KEY_UISupportedInterfaceOrientations_iPad = "UIInterfaceOrientationPortrait UIInterfaceOrientationPortraitUpsideDown UIInterfaceOrientationLandscapeLeft UIInterfaceOrientationLandscapeRight";
				INFOPLIST_KEY_UISupportedInterfaceOrientations_iPhone = "UIInterfaceOrientationPortrait UIInterfaceOrientationLandscapeLeft UIInterfaceOrientationLandscapeRight";
				LD_RUNPATH_SEARCH_PATHS = (
					"$(inherited)",
					"@executable_path/Frameworks",
				);
				MARKETING_VERSION = 1.0;
				PRODUCT_BUNDLE_IDENTIFIER = com.woxi.app.futodoro;
				PRODUCT_NAME = "$(TARGET_NAME)";
				SWIFT_EMIT_LOC_STRINGS = YES;
				SWIFT_VERSION = 5.0;
				TARGETED_DEVICE_FAMILY = "1,2";
			};
			name = Debug;
		};
		04F4D3E428E1097900B84E8D /* Release */ = {
			isa = XCBuildConfiguration;
			baseConfigurationReference = CAA167B591C7FB2B2A5372A2 /* Pods-CountDownTimer.release.xcconfig */;
			buildSettings = {
				ASSETCATALOG_COMPILER_APPICON_NAME = AppIcon;
				ASSETCATALOG_COMPILER_GLOBAL_ACCENT_COLOR_NAME = AccentColor;
				CODE_SIGN_STYLE = Automatic;
				CURRENT_PROJECT_VERSION = 1;
				DEVELOPMENT_TEAM = LB5YMG5W6W;
				ENABLE_BITCODE = YES;
				GENERATE_INFOPLIST_FILE = YES;
				INFOPLIST_FILE = CountDownTimer/Info.plist;
				INFOPLIST_KEY_CFBundleDisplayName = Futodoro;
				INFOPLIST_KEY_UIApplicationSupportsIndirectInputEvents = YES;
				INFOPLIST_KEY_UILaunchStoryboardName = LaunchScreen;
				INFOPLIST_KEY_UIMainStoryboardFile = Main;
				INFOPLIST_KEY_UISupportedInterfaceOrientations_iPad = "UIInterfaceOrientationPortrait UIInterfaceOrientationPortraitUpsideDown UIInterfaceOrientationLandscapeLeft UIInterfaceOrientationLandscapeRight";
				INFOPLIST_KEY_UISupportedInterfaceOrientations_iPhone = "UIInterfaceOrientationPortrait UIInterfaceOrientationLandscapeLeft UIInterfaceOrientationLandscapeRight";
				LD_RUNPATH_SEARCH_PATHS = (
					"$(inherited)",
					"@executable_path/Frameworks",
				);
				MARKETING_VERSION = 1.0;
				PRODUCT_BUNDLE_IDENTIFIER = com.woxi.app.futodoro;
				PRODUCT_NAME = "$(TARGET_NAME)";
				SWIFT_EMIT_LOC_STRINGS = YES;
				SWIFT_VERSION = 5.0;
				TARGETED_DEVICE_FAMILY = "1,2";
			};
			name = Release;
		};
/* End XCBuildConfiguration section */

/* Begin XCConfigurationList section */
		04EC52A728E26DF600EB82A0 /* Build configuration list for PBXNativeTarget "CountDownTimerTests" */ = {
			isa = XCConfigurationList;
			buildConfigurations = (
				04EC52A528E26DF600EB82A0 /* Debug */,
				04EC52A628E26DF600EB82A0 /* Release */,
			);
			defaultConfigurationIsVisible = 0;
			defaultConfigurationName = Release;
		};
		04F4D3C928E1097800B84E8D /* Build configuration list for PBXProject "CountDownTimer" */ = {
			isa = XCConfigurationList;
			buildConfigurations = (
				04F4D3E028E1097900B84E8D /* Debug */,
				04F4D3E128E1097900B84E8D /* Release */,
			);
			defaultConfigurationIsVisible = 0;
			defaultConfigurationName = Release;
		};
		04F4D3E228E1097900B84E8D /* Build configuration list for PBXNativeTarget "CountDownTimer" */ = {
			isa = XCConfigurationList;
			buildConfigurations = (
				04F4D3E328E1097900B84E8D /* Debug */,
				04F4D3E428E1097900B84E8D /* Release */,
			);
			defaultConfigurationIsVisible = 0;
			defaultConfigurationName = Release;
		};
/* End XCConfigurationList section */
	};
	rootObject = 04F4D3C628E1097800B84E8D /* Project object */;
}
